
Microsoft Visual Studio Solution File, Format Version 12.00
# Visual Studio Version 17
VisualStudioVersion = 17.9.34723.18
MinimumVisualStudioVersion = 10.0.40219.1
Project("{8BC9CEB8-8B4A-11D0-8D11-00A0C91BC942}") = "sudokuGrid", "sudokuGrid\sudokuGrid.vcxproj", "{21090700-3C55-4CB4-A6F6-E37109FDFCA5}"
EndProject
Global
	GlobalSection(SolutionConfigurationPlatforms) = preSolution
		Debug|x64 = Debug|x64
		Debug|x86 = Debug|x86
		Release|x64 = Release|x64
		Release|x86 = Release|x86
	EndGlobalSection
	GlobalSection(ProjectConfigurationPlatforms) = postSolution
		{21090700-3C55-4CB4-A6F6-E37109FDFCA5}.Debug|x64.ActiveCfg = Debug|x64
		{21090700-3C55-4CB4-A6F6-E37109FDFCA5}.Debug|x64.Build.0 = Debug|x64
		{21090700-3C55-4CB4-A6F6-E37109FDFCA5}.Debug|x86.ActiveCfg = Debug|Win32
		{21090700-3C55-4CB4-A6F6-E37109FDFCA5}.Debug|x86.Build.0 = Debug|Win32
		{21090700-3C55-4CB4-A6F6-E37109FDFCA5}.Release|x64.ActiveCfg = Release|x64
		{21090700-3C55-4CB4-A6F6-E37109FDFCA5}.Release|x64.Build.0 = Release|x64
		{21090700-3C55-4CB4-A6F6-E37109FDFCA5}.Release|x86.ActiveCfg = Release|Win32
		{21090700-3C55-4CB4-A6F6-E37109FDFCA5}.Release|x86.Build.0 = Release|Win32
	EndGlobalSection
	GlobalSection(SolutionProperties) = preSolution
		HideSolutionNode = FALSE
	EndGlobalSection
	GlobalSection(ExtensibilityGlobals) = postSolution
		SolutionGuid = {5B1D3C07-7204-4AC1-BE54-091FB3EBABD3}
	EndGlobalSection
EndGlobal
